
Microsoft Visual Studio Solution File, Format Version 12.00
Project("{FAE04EC0-301F-11D3-BF4B-00C04F79EFBC}") = "TelegramBot-Timetable", "TelegramBot-Timetable\TelegramBot-Timetable.csproj", "{5D0B1581-FCA2-4245-A3CD-385C86AFBEFC}"
EndProject
Global
	GlobalSection(SolutionConfigurationPlatforms) = preSolution
		Debug|Any CPU = Debug|Any CPU
		Release|Any CPU = Release|Any CPU
	EndGlobalSection
	GlobalSection(ProjectConfigurationPlatforms) = postSolution
		{5D0B1581-FCA2-4245-A3CD-385C86AFBEFC}.Debug|Any CPU.ActiveCfg = Debug|Any CPU
		{5D0B1581-FCA2-4245-A3CD-385C86AFBEFC}.Debug|Any CPU.Build.0 = Debug|Any CPU
		{5D0B1581-FCA2-4245-A3CD-385C86AFBEFC}.Release|Any CPU.ActiveCfg = Release|Any CPU
		{5D0B1581-FCA2-4245-A3CD-385C86AFBEFC}.Release|Any CPU.Build.0 = Release|Any CPU
	EndGlobalSection
EndGlobal
